
Microsoft Visual Studio Solution File, Format Version 12.00
# Visual Studio Version 17
VisualStudioVersion = 17.5.33530.505
MinimumVisualStudioVersion = 10.0.40219.1
Project("{FAE04EC0-301F-11D3-BF4B-00C04F79EFBC}") = "UsandoBanco", "UsandoBanco\UsandoBanco.csproj", "{A31A4E41-D403-47D7-A638-EA5EE9462255}"
EndProject
Global
	GlobalSection(SolutionConfigurationPlatforms) = preSolution
		Debug|Any CPU = Debug|Any CPU
		Release|Any CPU = Release|Any CPU
	EndGlobalSection
	GlobalSection(ProjectConfigurationPlatforms) = postSolution
		{A31A4E41-D403-47D7-A638-EA5EE9462255}.Debug|Any CPU.ActiveCfg = Debug|Any CPU
		{A31A4E41-D403-47D7-A638-EA5EE9462255}.Debug|Any CPU.Build.0 = Debug|Any CPU
		{A31A4E41-D403-47D7-A638-EA5EE9462255}.Release|Any CPU.ActiveCfg = Release|Any CPU
		{A31A4E41-D403-47D7-A638-EA5EE9462255}.Release|Any CPU.Build.0 = Release|Any CPU
	EndGlobalSection
	GlobalSection(SolutionProperties) = preSolution
		HideSolutionNode = FALSE
	EndGlobalSection
	GlobalSection(ExtensibilityGlobals) = postSolution
		SolutionGuid = {2369E5DE-B24D-445B-BBB7-9A1458E01850}
	EndGlobalSection
EndGlobal
